
Microsoft Visual Studio Solution File, Format Version 12.00
# Visual Studio Version 16
VisualStudioVersion = 16.0.33529.622
MinimumVisualStudioVersion = 10.0.40219.1
Project("{FAE04EC0-301F-11D3-BF4B-00C04F79EFBC}") = "Hafta1", "Hafta1\Hafta1.csproj", "{533AD63A-31B6-470B-8374-DE84665F4BD9}"
EndProject
Global
	GlobalSection(SolutionConfigurationPlatforms) = preSolution
		Debug|Any CPU = Debug|Any CPU
		Release|Any CPU = Release|Any CPU
	EndGlobalSection
	GlobalSection(ProjectConfigurationPlatforms) = postSolution
		{533AD63A-31B6-470B-8374-DE84665F4BD9}.Debug|Any CPU.ActiveCfg = Debug|Any CPU
		{533AD63A-31B6-470B-8374-DE84665F4BD9}.Debug|Any CPU.Build.0 = Debug|Any CPU
		{533AD63A-31B6-470B-8374-DE84665F4BD9}.Release|Any CPU.ActiveCfg = Release|Any CPU
		{533AD63A-31B6-470B-8374-DE84665F4BD9}.Release|Any CPU.Build.0 = Release|Any CPU
	EndGlobalSection
	GlobalSection(SolutionProperties) = preSolution
		HideSolutionNode = FALSE
	EndGlobalSection
	GlobalSection(ExtensibilityGlobals) = postSolution
		SolutionGuid = {236C6AD0-3818-4574-BB80-DCC39C011517}
	EndGlobalSection
EndGlobal
